
Microsoft Visual Studio Solution File, Format Version 12.00
# Visual Studio Version 17
VisualStudioVersion = 17.0.31903.59
MinimumVisualStudioVersion = 10.0.40219.1
Project("{FAE04EC0-301F-11D3-BF4B-00C04F79EFBC}") = "HxDotnet", "HxDotnet\HxDotnet.csproj", "{075B4B1A-0780-499D-97E7-80DF3451B51C}"
EndProject
Project("{2150E333-8FDC-42A3-9474-1A3956D46DE8}") = "Examples", "Examples", "{0A2BB378-032C-4BEB-9FE6-69EA4488D8AD}"
EndProject
Project("{FAE04EC0-301F-11D3-BF4B-00C04F79EFBC}") = "RazorPages", "Examples\RazorPages\RazorPages.csproj", "{7EC6D55C-DBD1-413A-B726-BA0F5A0D4DCC}"
EndProject
Project("{FAE04EC0-301F-11D3-BF4B-00C04F79EFBC}") = "HxDotnet.TagHelpers", "HxDotnet.TagHelpers\HxDotnet.TagHelpers.csproj", "{CDC4CBEA-5342-4505-A8C5-A0F784A37DAA}"
EndProject
Global
	GlobalSection(SolutionConfigurationPlatforms) = preSolution
		Debug|Any CPU = Debug|Any CPU
		Release|Any CPU = Release|Any CPU
	EndGlobalSection
	GlobalSection(SolutionProperties) = preSolution
		HideSolutionNode = FALSE
	EndGlobalSection
	GlobalSection(ProjectConfigurationPlatforms) = postSolution
		{075B4B1A-0780-499D-97E7-80DF3451B51C}.Debug|Any CPU.ActiveCfg = Debug|Any CPU
		{075B4B1A-0780-499D-97E7-80DF3451B51C}.Debug|Any CPU.Build.0 = Debug|Any CPU
		{075B4B1A-0780-499D-97E7-80DF3451B51C}.Release|Any CPU.ActiveCfg = Release|Any CPU
		{075B4B1A-0780-499D-97E7-80DF3451B51C}.Release|Any CPU.Build.0 = Release|Any CPU
		{7EC6D55C-DBD1-413A-B726-BA0F5A0D4DCC}.Debug|Any CPU.ActiveCfg = Debug|Any CPU
		{7EC6D55C-DBD1-413A-B726-BA0F5A0D4DCC}.Debug|Any CPU.Build.0 = Debug|Any CPU
		{7EC6D55C-DBD1-413A-B726-BA0F5A0D4DCC}.Release|Any CPU.ActiveCfg = Release|Any CPU
		{7EC6D55C-DBD1-413A-B726-BA0F5A0D4DCC}.Release|Any CPU.Build.0 = Release|Any CPU
		{CDC4CBEA-5342-4505-A8C5-A0F784A37DAA}.Debug|Any CPU.ActiveCfg = Debug|Any CPU
		{CDC4CBEA-5342-4505-A8C5-A0F784A37DAA}.Debug|Any CPU.Build.0 = Debug|Any CPU
		{CDC4CBEA-5342-4505-A8C5-A0F784A37DAA}.Release|Any CPU.ActiveCfg = Release|Any CPU
		{CDC4CBEA-5342-4505-A8C5-A0F784A37DAA}.Release|Any CPU.Build.0 = Release|Any CPU
	EndGlobalSection
	GlobalSection(NestedProjects) = preSolution
		{7EC6D55C-DBD1-413A-B726-BA0F5A0D4DCC} = {0A2BB378-032C-4BEB-9FE6-69EA4488D8AD}
	EndGlobalSection
EndGlobal
